Microsoft Visual Studio Solution File, Format Version 12.00
# Visual Studio Version 16
VisualStudioVersion = 16.0.29009.5
MinimumVisualStudioVersion = 10.0.40219.1
Project("{FAE04EC0-301F-11D3-BF4B-00C04F79EFBC}") = "MonoGame.Framework.Windows", "MonoGame.Framework\MonoGame.Framework.Windows.csproj", "{7DE47032-A904-4C29-BD22-2D235E8D91BA}"
EndProject
Project("{FAE04EC0-301F-11D3-BF4B-00C04F79EFBC}") = "Pipeline.Windows", "Tools\Pipeline\Pipeline.Windows.csproj", "{65706950-696C-656E-2E57-696E646F7773}"
EndProject
Project("{FAE04EC0-301F-11D3-BF4B-00C04F79EFBC}") = "MonoGame.Testing.Windows", "MonoGame.Testing\MonoGame.Testing.Windows.csproj", "{AEEADB59-7F50-496A-9524-A81A876AE70E}"
EndProject
Project("{9A19103F-16F7-4668-BE54-9A1E7A4F7556}") = "Lidgren.Network", "ThirdParty\Lidgren.Network\Lidgren.Network\Lidgren.Network.csproj", "{8A281EA3-9D8C-4949-AA6B-ECE393008FA2}"
EndProject
Project("{9A19103F-16F7-4668-BE54-9A1E7A4F7556}") = "MonoGame.Utilities", "MonoGame.Utilities\MonoGame.Utilities.csproj", "{86082A6F-D255-4099-B001-67FE366AB5C2}"
EndProject
Project("{9A19103F-16F7-4668-BE54-9A1E7A4F7556}") = "MonoGame.Imaging", "MonoGame.Imaging\MonoGame.Imaging.csproj", "{DDDCF6A4-0069-4969-B8D3-FCE5E38B11AC}"
EndProject
Project("{9A19103F-16F7-4668-BE54-9A1E7A4F7556}") = "MonoGame.Framework.Content.Pipeline", "MonoGame.Framework.Content.Pipeline\MonoGame.Framework.Content.Pipeline.csproj", "{6BC703B3-978A-4FEE-98B8-3CA2D6A790B1}"
EndProject
Project("{FAE04EC0-301F-11D3-BF4B-00C04F79EFBC}") = "2MGFX.Windows", "Tools\2MGFX\2MGFX.Windows.csproj", "{46474D32-2E58-6957-6E64-6F7773324D47}"
EndProject
Project("{FAE04EC0-301F-11D3-BF4B-00C04F79EFBC}") = "MonoGame.Build.Tasks.Windows", "Tools\MonoGame.Build.Tasks\MonoGame.Build.Tasks.Windows.csproj", "{E2D9E2AE-B875-D3D6-92B1-ECDC6C642E54}"
EndProject
Project("{FAE04EC0-301F-11D3-BF4B-00C04F79EFBC}") = "MGCB", "Tools\MGCB\MGCB.csproj", "{5AD34414-6AD1-4D89-A4C9-3DDEFDCB46C8}"
EndProject
Global
	GlobalSection(SolutionConfigurationPlatforms) = preSolution
		Debug|Any CPU = Debug|Any CPU
		Release|Any CPU = Release|Any CPU
	EndGlobalSection
	GlobalSection(ProjectConfigurationPlatforms) = postSolution
		{7DE47032-A904-4C29-BD22-2D235E8D91BA}.Debug|Any CPU.ActiveCfg = Debug|Any CPU
		{7DE47032-A904-4C29-BD22-2D235E8D91BA}.Debug|Any CPU.Build.0 = Debug|Any CPU
		{7DE47032-A904-4C29-BD22-2D235E8D91BA}.Release|Any CPU.ActiveCfg = Release|Any CPU
		{7DE47032-A904-4C29-BD22-2D235E8D91BA}.Release|Any CPU.Build.0 = Release|Any CPU
		{65706950-696C-656E-2E57-696E646F7773}.Debug|Any CPU.ActiveCfg = Debug|Any CPU
		{65706950-696C-656E-2E57-696E646F7773}.Debug|Any CPU.Build.0 = Debug|Any CPU
		{65706950-696C-656E-2E57-696E646F7773}.Release|Any CPU.ActiveCfg = Release|Any CPU
		{65706950-696C-656E-2E57-696E646F7773}.Release|Any CPU.Build.0 = Release|Any CPU
		{AEEADB59-7F50-496A-9524-A81A876AE70E}.Debug|Any CPU.ActiveCfg = Debug|Any CPU
		{AEEADB59-7F50-496A-9524-A81A876AE70E}.Debug|Any CPU.Build.0 = Debug|Any CPU
		{AEEADB59-7F50-496A-9524-A81A876AE70E}.Release|Any CPU.ActiveCfg = Release|Any CPU
		{AEEADB59-7F50-496A-9524-A81A876AE70E}.Release|Any CPU.Build.0 = Release|Any CPU
		{8A281EA3-9D8C-4949-AA6B-ECE393008FA2}.Debug|Any CPU.ActiveCfg = Debug|Any CPU
		{8A281EA3-9D8C-4949-AA6B-ECE393008FA2}.Debug|Any CPU.Build.0 = Debug|Any CPU
		{8A281EA3-9D8C-4949-AA6B-ECE393008FA2}.Release|Any CPU.ActiveCfg = Release|Any CPU
		{8A281EA3-9D8C-4949-AA6B-ECE393008FA2}.Release|Any CPU.Build.0 = Release|Any CPU
		{86082A6F-D255-4099-B001-67FE366AB5C2}.Debug|Any CPU.ActiveCfg = Debug|Any CPU
		{86082A6F-D255-4099-B001-67FE366AB5C2}.Debug|Any CPU.Build.0 = Debug|Any CPU
		{86082A6F-D255-4099-B001-67FE366AB5C2}.Release|Any CPU.ActiveCfg = Release|Any CPU
		{86082A6F-D255-4099-B001-67FE366AB5C2}.Release|Any CPU.Build.0 = Release|Any CPU
		{DDDCF6A4-0069-4969-B8D3-FCE5E38B11AC}.Debug|Any CPU.ActiveCfg = Debug|Any CPU
		{DDDCF6A4-0069-4969-B8D3-FCE5E38B11AC}.Debug|Any CPU.Build.0 = Debug|Any CPU
		{DDDCF6A4-0069-4969-B8D3-FCE5E38B11AC}.Release|Any CPU.ActiveCfg = Release|Any CPU
		{DDDCF6A4-0069-4969-B8D3-FCE5E38B11AC}.Release|Any CPU.Build.0 = Release|Any CPU
		{6BC703B3-978A-4FEE-98B8-3CA2D6A790B1}.Debug|Any CPU.ActiveCfg = Debug|Any CPU
		{6BC703B3-978A-4FEE-98B8-3CA2D6A790B1}.Debug|Any CPU.Build.0 = Debug|Any CPU
		{6BC703B3-978A-4FEE-98B8-3CA2D6A790B1}.Release|Any CPU.ActiveCfg = Release|Any CPU
		{6BC703B3-978A-4FEE-98B8-3CA2D6A790B1}.Release|Any CPU.Build.0 = Release|Any CPU
		{46474D32-2E58-6957-6E64-6F7773324D47}.Debug|Any CPU.ActiveCfg = Debug|Any CPU
		{46474D32-2E58-6957-6E64-6F7773324D47}.Debug|Any CPU.Build.0 = Debug|Any CPU
		{46474D32-2E58-6957-6E64-6F7773324D47}.Release|Any CPU.ActiveCfg = Release|Any CPU
		{46474D32-2E58-6957-6E64-6F7773324D47}.Release|Any CPU.Build.0 = Release|Any CPU
		{E2D9E2AE-B875-D3D6-92B1-ECDC6C642E54}.Debug|Any CPU.ActiveCfg = Debug|Any CPU
		{E2D9E2AE-B875-D3D6-92B1-ECDC6C642E54}.Debug|Any CPU.Build.0 = Debug|Any CPU
		{E2D9E2AE-B875-D3D6-92B1-ECDC6C642E54}.Release|Any CPU.ActiveCfg = Release|Any CPU
		{E2D9E2AE-B875-D3D6-92B1-ECDC6C642E54}.Release|Any CPU.Build.0 = Release|Any CPU
		{5AD34414-6AD1-4D89-A4C9-3DDEFDCB46C8}.Debug|Any CPU.ActiveCfg = Debug|Any CPU
		{5AD34414-6AD1-4D89-A4C9-3DDEFDCB46C8}.Debug|Any CPU.Build.0 = Debug|Any CPU
		{5AD34414-6AD1-4D89-A4C9-3DDEFDCB46C8}.Release|Any CPU.ActiveCfg = Release|Any CPU
		{5AD34414-6AD1-4D89-A4C9-3DDEFDCB46C8}.Release|Any CPU.Build.0 = Release|Any CPU
	EndGlobalSection
	GlobalSection(SolutionProperties) = preSolution
		HideSolutionNode = FALSE
	EndGlobalSection
	GlobalSection(ExtensibilityGlobals) = postSolution
		SolutionGuid = {DAE4E8B0-EF60-4297-B2A2-511BAFD11054}
	EndGlobalSection
EndGlobal
