Microsoft Visual Studio Solution File, Format Version 12.00
# Visual Studio 15
VisualStudioVersion = 15.0.27703.2000
MinimumVisualStudioVersion = 10.0.40219.1
Project("{FAE04EC0-301F-11D3-BF4B-00C04F79EFBC}") = "Lidgren.Network.DesktopGL", "ThirdParty\Lidgren.Network\Lidgren.Network.DesktopGL.csproj", "{AE483C29-042E-4226-BA52-D247CE7676DA}"
EndProject
Project("{FAE04EC0-301F-11D3-BF4B-00C04F79EFBC}") = "MonoGame.Framework.DesktopGL", "MonoGame.Framework\MonoGame.Framework.DesktopGL.csproj", "{6D75E618-19CA-4C51-9546-F10965FBC0B8}"
EndProject
Project("{FAE04EC0-301F-11D3-BF4B-00C04F79EFBC}") = "MonoGame.Framework.Net.DesktopGL", "MonoGame.Framework\MonoGame.Framework.Net.DesktopGL.csproj", "{6D6009F4-0AFB-4806-89D7-7945F20270F5}"
EndProject
Project("{9A19103F-16F7-4668-BE54-9A1E7A4F7556}") = "MonoGame.Imaging.Tests", "MonoGame.Imaging.Tests\MonoGame.Imaging.Tests.csproj", "{AA7D39F2-81F3-4ACC-893B-F4C40BB21C2F}"
EndProject
Project("{9A19103F-16F7-4668-BE54-9A1E7A4F7556}") = "MonoGame.Imaging", "MonoGame.Imaging\MonoGame.Imaging.csproj", "{4344DACF-E2A9-4699-A89E-89DEDBA6D941}"
EndProject
Project("{FAE04EC0-301F-11D3-BF4B-00C04F79EFBC}") = "MonoGame.Testing", "MonoGame.Testing\MonoGame.Testing.csproj", "{B8827F46-0B80-4E05-8832-A943ED225E96}"
EndProject
Global
	GlobalSection(SolutionConfigurationPlatforms) = preSolution
		Debug|Any CPU = Debug|Any CPU
		Release|Any CPU = Release|Any CPU
	EndGlobalSection
	GlobalSection(ProjectConfigurationPlatforms) = postSolution
		{AE483C29-042E-4226-BA52-D247CE7676DA}.Debug|Any CPU.ActiveCfg = Debug|Any CPU
		{AE483C29-042E-4226-BA52-D247CE7676DA}.Debug|Any CPU.Build.0 = Debug|Any CPU
		{AE483C29-042E-4226-BA52-D247CE7676DA}.Release|Any CPU.ActiveCfg = Release|Any CPU
		{AE483C29-042E-4226-BA52-D247CE7676DA}.Release|Any CPU.Build.0 = Release|Any CPU
		{6D75E618-19CA-4C51-9546-F10965FBC0B8}.Debug|Any CPU.ActiveCfg = Debug|Any CPU
		{6D75E618-19CA-4C51-9546-F10965FBC0B8}.Debug|Any CPU.Build.0 = Debug|Any CPU
		{6D75E618-19CA-4C51-9546-F10965FBC0B8}.Release|Any CPU.ActiveCfg = Release|Any CPU
		{6D75E618-19CA-4C51-9546-F10965FBC0B8}.Release|Any CPU.Build.0 = Release|Any CPU
		{6D6009F4-0AFB-4806-89D7-7945F20270F5}.Debug|Any CPU.ActiveCfg = Debug|Any CPU
		{6D6009F4-0AFB-4806-89D7-7945F20270F5}.Debug|Any CPU.Build.0 = Debug|Any CPU
		{6D6009F4-0AFB-4806-89D7-7945F20270F5}.Release|Any CPU.ActiveCfg = Release|Any CPU
		{6D6009F4-0AFB-4806-89D7-7945F20270F5}.Release|Any CPU.Build.0 = Release|Any CPU
		{AA7D39F2-81F3-4ACC-893B-F4C40BB21C2F}.Debug|Any CPU.ActiveCfg = Debug|Any CPU
		{AA7D39F2-81F3-4ACC-893B-F4C40BB21C2F}.Debug|Any CPU.Build.0 = Debug|Any CPU
		{AA7D39F2-81F3-4ACC-893B-F4C40BB21C2F}.Release|Any CPU.ActiveCfg = Release|Any CPU
		{AA7D39F2-81F3-4ACC-893B-F4C40BB21C2F}.Release|Any CPU.Build.0 = Release|Any CPU
		{4344DACF-E2A9-4699-A89E-89DEDBA6D941}.Debug|Any CPU.ActiveCfg = Debug|Any CPU
		{4344DACF-E2A9-4699-A89E-89DEDBA6D941}.Debug|Any CPU.Build.0 = Debug|Any CPU
		{4344DACF-E2A9-4699-A89E-89DEDBA6D941}.Release|Any CPU.ActiveCfg = Release|Any CPU
		{4344DACF-E2A9-4699-A89E-89DEDBA6D941}.Release|Any CPU.Build.0 = Release|Any CPU
		{B8827F46-0B80-4E05-8832-A943ED225E96}.Debug|Any CPU.ActiveCfg = Debug|Any CPU
		{B8827F46-0B80-4E05-8832-A943ED225E96}.Debug|Any CPU.Build.0 = Debug|Any CPU
		{B8827F46-0B80-4E05-8832-A943ED225E96}.Release|Any CPU.ActiveCfg = Release|Any CPU
		{B8827F46-0B80-4E05-8832-A943ED225E96}.Release|Any CPU.Build.0 = Release|Any CPU
	EndGlobalSection
	GlobalSection(SolutionProperties) = preSolution
		HideSolutionNode = FALSE
	EndGlobalSection
	GlobalSection(ExtensibilityGlobals) = postSolution
		SolutionGuid = {58C319F3-4E97-4E7B-8489-F7ED1B2AA9FE}
	EndGlobalSection
	GlobalSection(Performance) = preSolution
		HasPerformanceSessions = true
	EndGlobalSection
	GlobalSection(Performance) = preSolution
		HasPerformanceSessions = true
	EndGlobalSection
EndGlobal
