
Microsoft Visual Studio Solution File, Format Version 12.00
# Visual Studio Version 16
VisualStudioVersion = 16.0.28714.193
MinimumVisualStudioVersion = 10.0.40219.1
Project("{FAE04EC0-301F-11D3-BF4B-00C04F79EFBC}") = "MonoGame.Testing.DesktopGL", "MonoGame.Testing\MonoGame.Testing.DesktopGL.csproj", "{AEEADB59-7F50-496A-9524-A81A876AE70E}"
EndProject
Project("{FAE04EC0-301F-11D3-BF4B-00C04F79EFBC}") = "MonoGame.Imaging.Tests", "MonoGame.Imaging.Tests\MonoGame.Imaging.Tests.csproj", "{8627DE8C-7B2C-4CF8-9725-01BA0BF04CC9}"
EndProject
Project("{9A19103F-16F7-4668-BE54-9A1E7A4F7556}") = "MonoGame.Imaging", "MonoGame.Imaging\MonoGame.Imaging.csproj", "{19385604-8C31-421E-BCF0-41039D1F54C1}"
EndProject
Project("{9A19103F-16F7-4668-BE54-9A1E7A4F7556}") = "MonoGame.Utilities", "MonoGame.Utilities\MonoGame.Utilities.csproj", "{EB1A065A-70EE-445D-BC9B-1FE16EABF088}"
EndProject
Project("{9A19103F-16F7-4668-BE54-9A1E7A4F7556}") = "MonoGame.Framework.DesktopGL", "MonoGame.Framework\MonoGame.Framework.DesktopGL.csproj", "{DFF7BDEA-710B-4CC2-A615-B1F7058A6B5E}"
EndProject
Global
	GlobalSection(SolutionConfigurationPlatforms) = preSolution
		Debug|Any CPU = Debug|Any CPU
		Release|Any CPU = Release|Any CPU
	EndGlobalSection
	GlobalSection(ProjectConfigurationPlatforms) = postSolution
		{AEEADB59-7F50-496A-9524-A81A876AE70E}.Debug|Any CPU.ActiveCfg = Debug|Any CPU
		{AEEADB59-7F50-496A-9524-A81A876AE70E}.Debug|Any CPU.Build.0 = Debug|Any CPU
		{AEEADB59-7F50-496A-9524-A81A876AE70E}.Release|Any CPU.ActiveCfg = Release|Any CPU
		{8627DE8C-7B2C-4CF8-9725-01BA0BF04CC9}.Debug|Any CPU.ActiveCfg = Debug|Any CPU
		{8627DE8C-7B2C-4CF8-9725-01BA0BF04CC9}.Debug|Any CPU.Build.0 = Debug|Any CPU
		{8627DE8C-7B2C-4CF8-9725-01BA0BF04CC9}.Release|Any CPU.ActiveCfg = Release|Any CPU
		{8627DE8C-7B2C-4CF8-9725-01BA0BF04CC9}.Release|Any CPU.Build.0 = Release|Any CPU
		{19385604-8C31-421E-BCF0-41039D1F54C1}.Debug|Any CPU.ActiveCfg = Debug|Any CPU
		{19385604-8C31-421E-BCF0-41039D1F54C1}.Debug|Any CPU.Build.0 = Debug|Any CPU
		{19385604-8C31-421E-BCF0-41039D1F54C1}.Release|Any CPU.ActiveCfg = Release|Any CPU
		{19385604-8C31-421E-BCF0-41039D1F54C1}.Release|Any CPU.Build.0 = Release|Any CPU
		{EB1A065A-70EE-445D-BC9B-1FE16EABF088}.Debug|Any CPU.ActiveCfg = Debug|Any CPU
		{EB1A065A-70EE-445D-BC9B-1FE16EABF088}.Debug|Any CPU.Build.0 = Debug|Any CPU
		{EB1A065A-70EE-445D-BC9B-1FE16EABF088}.Release|Any CPU.ActiveCfg = Release|Any CPU
		{EB1A065A-70EE-445D-BC9B-1FE16EABF088}.Release|Any CPU.Build.0 = Release|Any CPU
		{DFF7BDEA-710B-4CC2-A615-B1F7058A6B5E}.Debug|Any CPU.ActiveCfg = Debug|Any CPU
		{DFF7BDEA-710B-4CC2-A615-B1F7058A6B5E}.Debug|Any CPU.Build.0 = Debug|Any CPU
		{DFF7BDEA-710B-4CC2-A615-B1F7058A6B5E}.Release|Any CPU.ActiveCfg = Release|Any CPU
		{DFF7BDEA-710B-4CC2-A615-B1F7058A6B5E}.Release|Any CPU.Build.0 = Release|Any CPU
	EndGlobalSection
	GlobalSection(SolutionProperties) = preSolution
		HideSolutionNode = FALSE
	EndGlobalSection
	GlobalSection(ExtensibilityGlobals) = postSolution
		SolutionGuid = {9B4A08BE-34CA-4109-AB40-246808F666C7}
	EndGlobalSection
EndGlobal
