
Microsoft Visual Studio Solution File, Format Version 12.00
# Visual Studio Version 16
VisualStudioVersion = 16.0.29519.181
MinimumVisualStudioVersion = 15.0.26124.0
Project("{9A19103F-16F7-4668-BE54-9A1E7A4F7556}") = "MonoGame.Framework.DesktopGL", "MonoGame.Framework\MonoGame.Framework.DesktopGL.csproj", "{C01379FE-63B0-4DDC-AE9C-9C916CCE5F45}"
EndProject
Project("{9A19103F-16F7-4668-BE54-9A1E7A4F7556}") = "MonoGame.Framework.Content.Pipeline", "MonoGame.Framework.Content.Pipeline\MonoGame.Framework.Content.Pipeline.csproj", "{7A02A18D-15C4-4440-8921-D191B0F050A1}"
EndProject
Project("{9A19103F-16F7-4668-BE54-9A1E7A4F7556}") = "MonoGame.Imaging", "MonoGame.Imaging\MonoGame.Imaging.csproj", "{41E064D8-C629-48C9-89D9-D1628AB6A17E}"
EndProject
Project("{9A19103F-16F7-4668-BE54-9A1E7A4F7556}") = "MonoGame.Utilities", "MonoGame.Utilities\MonoGame.Utilities.csproj", "{AA4C79DD-A9DB-44AA-8E3C-265AF36A9883}"
EndProject
Project("{2150E333-8FDC-42A3-9474-1A3956D46DE8}") = "Solution Items", "Solution Items", "{F245B72F-D040-4D5D-91FE-A5EAFFE2AF3C}"
	ProjectSection(SolutionItems) = preProject
		.editorconfig = .editorconfig
	EndProjectSection
EndProject
Project("{9A19103F-16F7-4668-BE54-9A1E7A4F7556}") = "MonoGame.Imaging.Sandbox", "MonoGame.Imaging.Sandbox\MonoGame.Imaging.Sandbox.csproj", "{8627DE8C-7B2C-4CF8-9725-01BA0BF04CC9}"
EndProject
Project("{2150E333-8FDC-42A3-9474-1A3956D46DE8}") = "Tools", "Tools", "{66492C32-F94B-4A3F-A8D1-85C4DEE4D585}"
EndProject
Project("{9A19103F-16F7-4668-BE54-9A1E7A4F7556}") = "MonoGame.Content.Builder", "Tools\MonoGame.Content.Builder\MonoGame.Content.Builder.csproj", "{C5BB18B0-6A06-4A78-AC06-2FE61437D212}"
EndProject
Project("{9A19103F-16F7-4668-BE54-9A1E7A4F7556}") = "MonoGame.Content.Builder.Editor.Windows", "Tools\MonoGame.Content.Builder.Editor\MonoGame.Content.Builder.Editor.Windows.csproj", "{8B7BC92C-3B3B-48B2-B971-A60072DB3023}"
EndProject
Project("{9A19103F-16F7-4668-BE54-9A1E7A4F7556}") = "MonoGame.Content.Builder.Task", "Tools\MonoGame.Content.Builder.Task\MonoGame.Content.Builder.Task.csproj", "{ECA436E6-FC00-4E14-A746-B13442B97C10}"
EndProject
Project("{9A19103F-16F7-4668-BE54-9A1E7A4F7556}") = "MonoGame.Effect.Compiler", "Tools\MonoGame.Effect.Compiler\MonoGame.Effect.Compiler.csproj", "{FA99AF38-6238-4607-9296-F0C51EBC91AA}"
EndProject
Project("{9A19103F-16F7-4668-BE54-9A1E7A4F7556}") = "MonoGame.StbSharp", "MonoGame.StbSharp\MonoGame.StbSharp.csproj", "{BDBE9C86-5BC3-46DA-9FEB-2C0B65643B9C}"
EndProject
Global
	GlobalSection(SolutionConfigurationPlatforms) = preSolution
		Debug|Any CPU = Debug|Any CPU
		Debug|x64 = Debug|x64
		Debug|x86 = Debug|x86
		Release|Any CPU = Release|Any CPU
		Release|x64 = Release|x64
		Release|x86 = Release|x86
	EndGlobalSection
	GlobalSection(ProjectConfigurationPlatforms) = postSolution
		{C01379FE-63B0-4DDC-AE9C-9C916CCE5F45}.Debug|Any CPU.ActiveCfg = Debug|Any CPU
		{C01379FE-63B0-4DDC-AE9C-9C916CCE5F45}.Debug|Any CPU.Build.0 = Debug|Any CPU
		{C01379FE-63B0-4DDC-AE9C-9C916CCE5F45}.Debug|x64.ActiveCfg = Debug|Any CPU
		{C01379FE-63B0-4DDC-AE9C-9C916CCE5F45}.Debug|x64.Build.0 = Debug|Any CPU
		{C01379FE-63B0-4DDC-AE9C-9C916CCE5F45}.Debug|x86.ActiveCfg = Debug|Any CPU
		{C01379FE-63B0-4DDC-AE9C-9C916CCE5F45}.Debug|x86.Build.0 = Debug|Any CPU
		{C01379FE-63B0-4DDC-AE9C-9C916CCE5F45}.Release|Any CPU.ActiveCfg = Release|Any CPU
		{C01379FE-63B0-4DDC-AE9C-9C916CCE5F45}.Release|Any CPU.Build.0 = Release|Any CPU
		{C01379FE-63B0-4DDC-AE9C-9C916CCE5F45}.Release|x64.ActiveCfg = Release|Any CPU
		{C01379FE-63B0-4DDC-AE9C-9C916CCE5F45}.Release|x64.Build.0 = Release|Any CPU
		{C01379FE-63B0-4DDC-AE9C-9C916CCE5F45}.Release|x86.ActiveCfg = Release|Any CPU
		{C01379FE-63B0-4DDC-AE9C-9C916CCE5F45}.Release|x86.Build.0 = Release|Any CPU
		{7A02A18D-15C4-4440-8921-D191B0F050A1}.Debug|Any CPU.ActiveCfg = Debug|Any CPU
		{7A02A18D-15C4-4440-8921-D191B0F050A1}.Debug|Any CPU.Build.0 = Debug|Any CPU
		{7A02A18D-15C4-4440-8921-D191B0F050A1}.Debug|x64.ActiveCfg = Debug|Any CPU
		{7A02A18D-15C4-4440-8921-D191B0F050A1}.Debug|x64.Build.0 = Debug|Any CPU
		{7A02A18D-15C4-4440-8921-D191B0F050A1}.Debug|x86.ActiveCfg = Debug|Any CPU
		{7A02A18D-15C4-4440-8921-D191B0F050A1}.Debug|x86.Build.0 = Debug|Any CPU
		{7A02A18D-15C4-4440-8921-D191B0F050A1}.Release|Any CPU.ActiveCfg = Release|Any CPU
		{7A02A18D-15C4-4440-8921-D191B0F050A1}.Release|Any CPU.Build.0 = Release|Any CPU
		{7A02A18D-15C4-4440-8921-D191B0F050A1}.Release|x64.ActiveCfg = Release|Any CPU
		{7A02A18D-15C4-4440-8921-D191B0F050A1}.Release|x64.Build.0 = Release|Any CPU
		{7A02A18D-15C4-4440-8921-D191B0F050A1}.Release|x86.ActiveCfg = Release|Any CPU
		{7A02A18D-15C4-4440-8921-D191B0F050A1}.Release|x86.Build.0 = Release|Any CPU
		{41E064D8-C629-48C9-89D9-D1628AB6A17E}.Debug|Any CPU.ActiveCfg = Debug|Any CPU
		{41E064D8-C629-48C9-89D9-D1628AB6A17E}.Debug|Any CPU.Build.0 = Debug|Any CPU
		{41E064D8-C629-48C9-89D9-D1628AB6A17E}.Debug|x64.ActiveCfg = Debug|Any CPU
		{41E064D8-C629-48C9-89D9-D1628AB6A17E}.Debug|x64.Build.0 = Debug|Any CPU
		{41E064D8-C629-48C9-89D9-D1628AB6A17E}.Debug|x86.ActiveCfg = Debug|Any CPU
		{41E064D8-C629-48C9-89D9-D1628AB6A17E}.Debug|x86.Build.0 = Debug|Any CPU
		{41E064D8-C629-48C9-89D9-D1628AB6A17E}.Release|Any CPU.ActiveCfg = Release|Any CPU
		{41E064D8-C629-48C9-89D9-D1628AB6A17E}.Release|Any CPU.Build.0 = Release|Any CPU
		{41E064D8-C629-48C9-89D9-D1628AB6A17E}.Release|x64.ActiveCfg = Release|Any CPU
		{41E064D8-C629-48C9-89D9-D1628AB6A17E}.Release|x64.Build.0 = Release|Any CPU
		{41E064D8-C629-48C9-89D9-D1628AB6A17E}.Release|x86.ActiveCfg = Release|Any CPU
		{41E064D8-C629-48C9-89D9-D1628AB6A17E}.Release|x86.Build.0 = Release|Any CPU
		{AA4C79DD-A9DB-44AA-8E3C-265AF36A9883}.Debug|Any CPU.ActiveCfg = Debug|Any CPU
		{AA4C79DD-A9DB-44AA-8E3C-265AF36A9883}.Debug|Any CPU.Build.0 = Debug|Any CPU
		{AA4C79DD-A9DB-44AA-8E3C-265AF36A9883}.Debug|x64.ActiveCfg = Debug|Any CPU
		{AA4C79DD-A9DB-44AA-8E3C-265AF36A9883}.Debug|x64.Build.0 = Debug|Any CPU
		{AA4C79DD-A9DB-44AA-8E3C-265AF36A9883}.Debug|x86.ActiveCfg = Debug|Any CPU
		{AA4C79DD-A9DB-44AA-8E3C-265AF36A9883}.Debug|x86.Build.0 = Debug|Any CPU
		{AA4C79DD-A9DB-44AA-8E3C-265AF36A9883}.Release|Any CPU.ActiveCfg = Release|Any CPU
		{AA4C79DD-A9DB-44AA-8E3C-265AF36A9883}.Release|Any CPU.Build.0 = Release|Any CPU
		{AA4C79DD-A9DB-44AA-8E3C-265AF36A9883}.Release|x64.ActiveCfg = Release|Any CPU
		{AA4C79DD-A9DB-44AA-8E3C-265AF36A9883}.Release|x64.Build.0 = Release|Any CPU
		{AA4C79DD-A9DB-44AA-8E3C-265AF36A9883}.Release|x86.ActiveCfg = Release|Any CPU
		{AA4C79DD-A9DB-44AA-8E3C-265AF36A9883}.Release|x86.Build.0 = Release|Any CPU
		{8627DE8C-7B2C-4CF8-9725-01BA0BF04CC9}.Debug|Any CPU.ActiveCfg = Debug|Any CPU
		{8627DE8C-7B2C-4CF8-9725-01BA0BF04CC9}.Debug|Any CPU.Build.0 = Debug|Any CPU
		{8627DE8C-7B2C-4CF8-9725-01BA0BF04CC9}.Debug|x64.ActiveCfg = Debug|Any CPU
		{8627DE8C-7B2C-4CF8-9725-01BA0BF04CC9}.Debug|x64.Build.0 = Debug|Any CPU
		{8627DE8C-7B2C-4CF8-9725-01BA0BF04CC9}.Debug|x86.ActiveCfg = Debug|Any CPU
		{8627DE8C-7B2C-4CF8-9725-01BA0BF04CC9}.Debug|x86.Build.0 = Debug|Any CPU
		{8627DE8C-7B2C-4CF8-9725-01BA0BF04CC9}.Release|Any CPU.ActiveCfg = Release|Any CPU
		{8627DE8C-7B2C-4CF8-9725-01BA0BF04CC9}.Release|Any CPU.Build.0 = Release|Any CPU
		{8627DE8C-7B2C-4CF8-9725-01BA0BF04CC9}.Release|x64.ActiveCfg = Release|Any CPU
		{8627DE8C-7B2C-4CF8-9725-01BA0BF04CC9}.Release|x64.Build.0 = Release|Any CPU
		{8627DE8C-7B2C-4CF8-9725-01BA0BF04CC9}.Release|x86.ActiveCfg = Release|Any CPU
		{8627DE8C-7B2C-4CF8-9725-01BA0BF04CC9}.Release|x86.Build.0 = Release|Any CPU
		{C5BB18B0-6A06-4A78-AC06-2FE61437D212}.Debug|Any CPU.ActiveCfg = Debug|Any CPU
		{C5BB18B0-6A06-4A78-AC06-2FE61437D212}.Debug|Any CPU.Build.0 = Debug|Any CPU
		{C5BB18B0-6A06-4A78-AC06-2FE61437D212}.Debug|x64.ActiveCfg = Debug|Any CPU
		{C5BB18B0-6A06-4A78-AC06-2FE61437D212}.Debug|x64.Build.0 = Debug|Any CPU
		{C5BB18B0-6A06-4A78-AC06-2FE61437D212}.Debug|x86.ActiveCfg = Debug|Any CPU
		{C5BB18B0-6A06-4A78-AC06-2FE61437D212}.Debug|x86.Build.0 = Debug|Any CPU
		{C5BB18B0-6A06-4A78-AC06-2FE61437D212}.Release|Any CPU.ActiveCfg = Release|Any CPU
		{C5BB18B0-6A06-4A78-AC06-2FE61437D212}.Release|Any CPU.Build.0 = Release|Any CPU
		{C5BB18B0-6A06-4A78-AC06-2FE61437D212}.Release|x64.ActiveCfg = Release|Any CPU
		{C5BB18B0-6A06-4A78-AC06-2FE61437D212}.Release|x64.Build.0 = Release|Any CPU
		{C5BB18B0-6A06-4A78-AC06-2FE61437D212}.Release|x86.ActiveCfg = Release|Any CPU
		{C5BB18B0-6A06-4A78-AC06-2FE61437D212}.Release|x86.Build.0 = Release|Any CPU
		{8B7BC92C-3B3B-48B2-B971-A60072DB3023}.Debug|Any CPU.ActiveCfg = Debug|Any CPU
		{8B7BC92C-3B3B-48B2-B971-A60072DB3023}.Debug|Any CPU.Build.0 = Debug|Any CPU
		{8B7BC92C-3B3B-48B2-B971-A60072DB3023}.Debug|x64.ActiveCfg = Debug|Any CPU
		{8B7BC92C-3B3B-48B2-B971-A60072DB3023}.Debug|x64.Build.0 = Debug|Any CPU
		{8B7BC92C-3B3B-48B2-B971-A60072DB3023}.Debug|x86.ActiveCfg = Debug|Any CPU
		{8B7BC92C-3B3B-48B2-B971-A60072DB3023}.Debug|x86.Build.0 = Debug|Any CPU
		{8B7BC92C-3B3B-48B2-B971-A60072DB3023}.Release|Any CPU.ActiveCfg = Release|Any CPU
		{8B7BC92C-3B3B-48B2-B971-A60072DB3023}.Release|Any CPU.Build.0 = Release|Any CPU
		{8B7BC92C-3B3B-48B2-B971-A60072DB3023}.Release|x64.ActiveCfg = Release|Any CPU
		{8B7BC92C-3B3B-48B2-B971-A60072DB3023}.Release|x64.Build.0 = Release|Any CPU
		{8B7BC92C-3B3B-48B2-B971-A60072DB3023}.Release|x86.ActiveCfg = Release|Any CPU
		{8B7BC92C-3B3B-48B2-B971-A60072DB3023}.Release|x86.Build.0 = Release|Any CPU
		{ECA436E6-FC00-4E14-A746-B13442B97C10}.Debug|Any CPU.ActiveCfg = Debug|Any CPU
		{ECA436E6-FC00-4E14-A746-B13442B97C10}.Debug|Any CPU.Build.0 = Debug|Any CPU
		{ECA436E6-FC00-4E14-A746-B13442B97C10}.Debug|x64.ActiveCfg = Debug|Any CPU
		{ECA436E6-FC00-4E14-A746-B13442B97C10}.Debug|x64.Build.0 = Debug|Any CPU
		{ECA436E6-FC00-4E14-A746-B13442B97C10}.Debug|x86.ActiveCfg = Debug|Any CPU
		{ECA436E6-FC00-4E14-A746-B13442B97C10}.Debug|x86.Build.0 = Debug|Any CPU
		{ECA436E6-FC00-4E14-A746-B13442B97C10}.Release|Any CPU.ActiveCfg = Release|Any CPU
		{ECA436E6-FC00-4E14-A746-B13442B97C10}.Release|Any CPU.Build.0 = Release|Any CPU
		{ECA436E6-FC00-4E14-A746-B13442B97C10}.Release|x64.ActiveCfg = Release|Any CPU
		{ECA436E6-FC00-4E14-A746-B13442B97C10}.Release|x64.Build.0 = Release|Any CPU
		{ECA436E6-FC00-4E14-A746-B13442B97C10}.Release|x86.ActiveCfg = Release|Any CPU
		{ECA436E6-FC00-4E14-A746-B13442B97C10}.Release|x86.Build.0 = Release|Any CPU
		{FA99AF38-6238-4607-9296-F0C51EBC91AA}.Debug|Any CPU.ActiveCfg = Debug|Any CPU
		{FA99AF38-6238-4607-9296-F0C51EBC91AA}.Debug|Any CPU.Build.0 = Debug|Any CPU
		{FA99AF38-6238-4607-9296-F0C51EBC91AA}.Debug|x64.ActiveCfg = Debug|Any CPU
		{FA99AF38-6238-4607-9296-F0C51EBC91AA}.Debug|x64.Build.0 = Debug|Any CPU
		{FA99AF38-6238-4607-9296-F0C51EBC91AA}.Debug|x86.ActiveCfg = Debug|Any CPU
		{FA99AF38-6238-4607-9296-F0C51EBC91AA}.Debug|x86.Build.0 = Debug|Any CPU
		{FA99AF38-6238-4607-9296-F0C51EBC91AA}.Release|Any CPU.ActiveCfg = Release|Any CPU
		{FA99AF38-6238-4607-9296-F0C51EBC91AA}.Release|Any CPU.Build.0 = Release|Any CPU
		{FA99AF38-6238-4607-9296-F0C51EBC91AA}.Release|x64.ActiveCfg = Release|Any CPU
		{FA99AF38-6238-4607-9296-F0C51EBC91AA}.Release|x64.Build.0 = Release|Any CPU
		{FA99AF38-6238-4607-9296-F0C51EBC91AA}.Release|x86.ActiveCfg = Release|Any CPU
		{FA99AF38-6238-4607-9296-F0C51EBC91AA}.Release|x86.Build.0 = Release|Any CPU
		{BDBE9C86-5BC3-46DA-9FEB-2C0B65643B9C}.Debug|Any CPU.ActiveCfg = Debug|Any CPU
		{BDBE9C86-5BC3-46DA-9FEB-2C0B65643B9C}.Debug|Any CPU.Build.0 = Debug|Any CPU
		{BDBE9C86-5BC3-46DA-9FEB-2C0B65643B9C}.Debug|x64.ActiveCfg = Debug|Any CPU
		{BDBE9C86-5BC3-46DA-9FEB-2C0B65643B9C}.Debug|x64.Build.0 = Debug|Any CPU
		{BDBE9C86-5BC3-46DA-9FEB-2C0B65643B9C}.Debug|x86.ActiveCfg = Debug|Any CPU
		{BDBE9C86-5BC3-46DA-9FEB-2C0B65643B9C}.Debug|x86.Build.0 = Debug|Any CPU
		{BDBE9C86-5BC3-46DA-9FEB-2C0B65643B9C}.Release|Any CPU.ActiveCfg = Release|Any CPU
		{BDBE9C86-5BC3-46DA-9FEB-2C0B65643B9C}.Release|Any CPU.Build.0 = Release|Any CPU
		{BDBE9C86-5BC3-46DA-9FEB-2C0B65643B9C}.Release|x64.ActiveCfg = Release|Any CPU
		{BDBE9C86-5BC3-46DA-9FEB-2C0B65643B9C}.Release|x64.Build.0 = Release|Any CPU
		{BDBE9C86-5BC3-46DA-9FEB-2C0B65643B9C}.Release|x86.ActiveCfg = Release|Any CPU
		{BDBE9C86-5BC3-46DA-9FEB-2C0B65643B9C}.Release|x86.Build.0 = Release|Any CPU
	EndGlobalSection
	GlobalSection(SolutionProperties) = preSolution
		HideSolutionNode = FALSE
	EndGlobalSection
	GlobalSection(NestedProjects) = preSolution
		{C5BB18B0-6A06-4A78-AC06-2FE61437D212} = {66492C32-F94B-4A3F-A8D1-85C4DEE4D585}
		{8B7BC92C-3B3B-48B2-B971-A60072DB3023} = {66492C32-F94B-4A3F-A8D1-85C4DEE4D585}
		{ECA436E6-FC00-4E14-A746-B13442B97C10} = {66492C32-F94B-4A3F-A8D1-85C4DEE4D585}
		{FA99AF38-6238-4607-9296-F0C51EBC91AA} = {66492C32-F94B-4A3F-A8D1-85C4DEE4D585}
	EndGlobalSection
	GlobalSection(ExtensibilityGlobals) = postSolution
		SolutionGuid = {E1E69DA8-12D1-4CB2-84DC-33EEA2316293}
	EndGlobalSection
EndGlobal
