Microsoft Visual Studio Solution File, Format Version 12.00
# Visual Studio Version 16
VisualStudioVersion = 16.0.28803.156
MinimumVisualStudioVersion = 10.0.40219.1
Project("{FAE04EC0-301F-11D3-BF4B-00C04F79EFBC}") = "MonoGame.Framework.Android", "MonoGame.Framework\MonoGame.Framework.Android.csproj", "{BA9476CF-99BA-4D03-92F2-73D2C5E58883}"
EndProject
Project("{FAE04EC0-301F-11D3-BF4B-00C04F79EFBC}") = "MonoGame.Utilities.Android", "MonoGame.Utilities\MonoGame.Utilities.Android.csproj", "{F23BFEB3-2856-43B0-A1B0-BAE164D62811}"
EndProject
Project("{FAE04EC0-301F-11D3-BF4B-00C04F79EFBC}") = "MonoGame.Imaging.Android", "MonoGame.Imaging\MonoGame.Imaging.Android.csproj", "{FD4FAA48-4062-46A6-9F7B-D1E470D7805B}"
EndProject
Project("{FAE04EC0-301F-11D3-BF4B-00C04F79EFBC}") = "Lidgren.Network.Android", "ThirdParty\Lidgren.Network\Lidgren.Network\Lidgren.Network.Android.csproj", "{565129E0-4EE5-4F6F-B403-C3484C9740BE}"
EndProject
Global
	GlobalSection(SolutionConfigurationPlatforms) = preSolution
		Debug|Any CPU = Debug|Any CPU
		Release|Any CPU = Release|Any CPU
	EndGlobalSection
	GlobalSection(ProjectConfigurationPlatforms) = postSolution
		{BA9476CF-99BA-4D03-92F2-73D2C5E58883}.Debug|Any CPU.ActiveCfg = Debug|Any CPU
		{BA9476CF-99BA-4D03-92F2-73D2C5E58883}.Debug|Any CPU.Build.0 = Debug|Any CPU
		{BA9476CF-99BA-4D03-92F2-73D2C5E58883}.Release|Any CPU.ActiveCfg = Release|Any CPU
		{BA9476CF-99BA-4D03-92F2-73D2C5E58883}.Release|Any CPU.Build.0 = Release|Any CPU
		{F23BFEB3-2856-43B0-A1B0-BAE164D62811}.Debug|Any CPU.ActiveCfg = Debug|Any CPU
		{F23BFEB3-2856-43B0-A1B0-BAE164D62811}.Debug|Any CPU.Build.0 = Debug|Any CPU
		{F23BFEB3-2856-43B0-A1B0-BAE164D62811}.Release|Any CPU.ActiveCfg = Release|Any CPU
		{F23BFEB3-2856-43B0-A1B0-BAE164D62811}.Release|Any CPU.Build.0 = Release|Any CPU
		{FD4FAA48-4062-46A6-9F7B-D1E470D7805B}.Debug|Any CPU.ActiveCfg = Debug|Any CPU
		{FD4FAA48-4062-46A6-9F7B-D1E470D7805B}.Debug|Any CPU.Build.0 = Debug|Any CPU
		{FD4FAA48-4062-46A6-9F7B-D1E470D7805B}.Release|Any CPU.ActiveCfg = Release|Any CPU
		{FD4FAA48-4062-46A6-9F7B-D1E470D7805B}.Release|Any CPU.Build.0 = Release|Any CPU
		{565129E0-4EE5-4F6F-B403-C3484C9740BE}.Debug|Any CPU.ActiveCfg = Debug|Any CPU
		{565129E0-4EE5-4F6F-B403-C3484C9740BE}.Debug|Any CPU.Build.0 = Debug|Any CPU
		{565129E0-4EE5-4F6F-B403-C3484C9740BE}.Release|Any CPU.ActiveCfg = Release|Any CPU
		{565129E0-4EE5-4F6F-B403-C3484C9740BE}.Release|Any CPU.Build.0 = Release|Any CPU
	EndGlobalSection
	GlobalSection(SolutionProperties) = preSolution
		HideSolutionNode = FALSE
	EndGlobalSection
	GlobalSection(ExtensibilityGlobals) = postSolution
		SolutionGuid = {05EE3DF7-B1DE-42D5-B44B-0BA85C6B3B37}
	EndGlobalSection
EndGlobal
